
Microsoft Visual Studio Solution File, Format Version 12.00
# Visual Studio Version 17
VisualStudioVersion = 17.13.35828.75 d17.13
MinimumVisualStudioVersion = 10.0.40219.1
Project("{54A90642-561A-4BB1-A94E-469ADEE60C69}") = "transactionsapp.client", "transactionsapp.client\transactionsapp.client.esproj", "{CC52806F-34C2-2E92-0FBA-4FABCAD9E6EC}"
EndProject
Project("{FAE04EC0-301F-11D3-BF4B-00C04F79EFBC}") = "TransactionsApp.Server", "TransactionsApp.Server\TransactionsApp.Server.csproj", "{05033F62-5266-46B1-ACDF-79F5470BCF24}"
EndProject
Global
	GlobalSection(SolutionConfigurationPlatforms) = preSolution
		Debug|Any CPU = Debug|Any CPU
		Release|Any CPU = Release|Any CPU
	EndGlobalSection
	GlobalSection(ProjectConfigurationPlatforms) = postSolution
		{CC52806F-34C2-2E92-0FBA-4FABCAD9E6EC}.Debug|Any CPU.ActiveCfg = Debug|Any CPU
		{CC52806F-34C2-2E92-0FBA-4FABCAD9E6EC}.Debug|Any CPU.Build.0 = Debug|Any CPU
		{CC52806F-34C2-2E92-0FBA-4FABCAD9E6EC}.Debug|Any CPU.Deploy.0 = Debug|Any CPU
		{CC52806F-34C2-2E92-0FBA-4FABCAD9E6EC}.Release|Any CPU.ActiveCfg = Release|Any CPU
		{CC52806F-34C2-2E92-0FBA-4FABCAD9E6EC}.Release|Any CPU.Build.0 = Release|Any CPU
		{CC52806F-34C2-2E92-0FBA-4FABCAD9E6EC}.Release|Any CPU.Deploy.0 = Release|Any CPU
		{05033F62-5266-46B1-ACDF-79F5470BCF24}.Debug|Any CPU.ActiveCfg = Debug|Any CPU
		{05033F62-5266-46B1-ACDF-79F5470BCF24}.Debug|Any CPU.Build.0 = Debug|Any CPU
		{05033F62-5266-46B1-ACDF-79F5470BCF24}.Release|Any CPU.ActiveCfg = Release|Any CPU
		{05033F62-5266-46B1-ACDF-79F5470BCF24}.Release|Any CPU.Build.0 = Release|Any CPU
	EndGlobalSection
	GlobalSection(SolutionProperties) = preSolution
		HideSolutionNode = FALSE
	EndGlobalSection
	GlobalSection(ExtensibilityGlobals) = postSolution
		SolutionGuid = {F48A1672-2C91-4721-8B87-6F9DC494E91C}
	EndGlobalSection
EndGlobal
